
Microsoft Visual Studio Solution File, Format Version 12.00
# Visual Studio 15
VisualStudioVersion = 15.0.27004.2002
MinimumVisualStudioVersion = 10.0.40219.1
Project("{FAE04EC0-301F-11D3-BF4B-00C04F79EFBC}") = "Library.XMLReaderWriter", "XMLReaderWriter\Library.XMLReaderWriter.csproj", "{A2411927-F70D-4A7A-8C67-914CC783A527}"
EndProject
Project("{FAE04EC0-301F-11D3-BF4B-00C04F79EFBC}") = "Library.Data", "LibraryData\Library.Data.csproj", "{5ABB8F80-2C26-4D15-A337-E7EC4FF38105}"
EndProject
Project("{FAE04EC0-301F-11D3-BF4B-00C04F79EFBC}") = "Lybrary.XML.Tests", "Lybrary.XML.Tests\Lybrary.XML.Tests.csproj", "{8C33E0FF-0688-45A3-89F7-5C14ED232DE6}"
EndProject
Global
	GlobalSection(SolutionConfigurationPlatforms) = preSolution
		Debug|Any CPU = Debug|Any CPU
		Release|Any CPU = Release|Any CPU
	EndGlobalSection
	GlobalSection(ProjectConfigurationPlatforms) = postSolution
		{A2411927-F70D-4A7A-8C67-914CC783A527}.Debug|Any CPU.ActiveCfg = Debug|Any CPU
		{A2411927-F70D-4A7A-8C67-914CC783A527}.Debug|Any CPU.Build.0 = Debug|Any CPU
		{A2411927-F70D-4A7A-8C67-914CC783A527}.Release|Any CPU.ActiveCfg = Release|Any CPU
		{A2411927-F70D-4A7A-8C67-914CC783A527}.Release|Any CPU.Build.0 = Release|Any CPU
		{5ABB8F80-2C26-4D15-A337-E7EC4FF38105}.Debug|Any CPU.ActiveCfg = Debug|Any CPU
		{5ABB8F80-2C26-4D15-A337-E7EC4FF38105}.Debug|Any CPU.Build.0 = Debug|Any CPU
		{5ABB8F80-2C26-4D15-A337-E7EC4FF38105}.Release|Any CPU.ActiveCfg = Release|Any CPU
		{5ABB8F80-2C26-4D15-A337-E7EC4FF38105}.Release|Any CPU.Build.0 = Release|Any CPU
		{8C33E0FF-0688-45A3-89F7-5C14ED232DE6}.Debug|Any CPU.ActiveCfg = Debug|Any CPU
		{8C33E0FF-0688-45A3-89F7-5C14ED232DE6}.Debug|Any CPU.Build.0 = Debug|Any CPU
		{8C33E0FF-0688-45A3-89F7-5C14ED232DE6}.Release|Any CPU.ActiveCfg = Release|Any CPU
		{8C33E0FF-0688-45A3-89F7-5C14ED232DE6}.Release|Any CPU.Build.0 = Release|Any CPU
	EndGlobalSection
	GlobalSection(SolutionProperties) = preSolution
		HideSolutionNode = FALSE
	EndGlobalSection
	GlobalSection(ExtensibilityGlobals) = postSolution
		SolutionGuid = {FBE22C04-2D5B-4560-AFE7-86E28B65C10D}
	EndGlobalSection
EndGlobal
